{
  "name": "@blastjs/templating-runtime",
  "version": "1.4.0",
  "lockfileVersion": 2,
  "requires": true,
  "packages": {
    "": {
      "name": "@blastjs/templating-runtime",
      "version": "1.4.0",
      "license": "GPLV3",
      "dependencies": {
        "@blastjs/blast": "2.4.0",
        "@blastjs/spacebars": "0.1.0"
      }
    },
    "node_modules/@blastjs/blast": {
      "version": "2.4.0",
      "resolved": "https://registry.npmjs.org/@blastjs/blast/-/blast-2.4.0.tgz",
      "integrity": "sha512-5QiD1nlq0H+l+XbvUUCyJoKAj0fbeFpr0DszaHIg2a1takq85BIJg4fe7pE8W2/Pbh8J3aYoKXKAFPghq2oolA==",
      "dependencies": {
        "@blastjs/blast-tools": "^0.1.0",
        "@blastjs/htmljs": "^0.1.0",
        "@blastjs/observe-sequence": "^0.1.0",
        "@blastjs/ordered-dict": "^0.1.0",
        "@blastjs/reactive-var": "^1.0.1",
        "@blastjs/tracker": "^1.0.1",
        "jquery": "^3.6.0",
        "lodash.has": "^4.5.2",
        "lodash.isempty": "^4.4.0",
        "lodash.isfunction": "^3.0.9",
        "lodash.isobject": "^3.0.2"
      }
    },
    "node_modules/@blastjs/blast-tools": {
      "version": "0.1.0",
      "resolved": "https://registry.npmjs.org/@blastjs/blast-tools/-/blast-tools-0.1.0.tgz",
      "integrity": "sha512-tn+ZJ4EDkfhzYT87CDwRMeyJkrdnMGD+YzribiczJl7IMUTtih6G58oRcNmVs58Oh6IFj6NYSTuFbf4GLXW54g==",
      "dependencies": {
        "@blastjs/html-tools": "^0.1.1",
        "@blastjs/htmljs": "^0.1.0",
        "@blastjs/mongo-id": "^0.1.2",
        "@blastjs/reactive-dict": "^1.0.9",
        "@blastjs/tracker": "^1.0.1"
      }
    },
    "node_modules/@blastjs/diff-sequence": {
      "version": "0.1.0",
      "resolved": "https://registry.npmjs.org/@blastjs/diff-sequence/-/diff-sequence-0.1.0.tgz",
      "integrity": "sha512-nauMKpGyU77cvyL2ZepYMgmzSwSvkNe8GV3GCjimaYy+UezbIrjIpOPj/MU2HVRfk610umx8MEZvQnB1a0BcOg==",
      "dependencies": {
        "ejson": "2.2.1"
      }
    },
    "node_modules/@blastjs/diff-sequence/node_modules/ejson": {
      "version": "2.2.1",
      "resolved": "https://registry.npmjs.org/ejson/-/ejson-2.2.1.tgz",
      "integrity": "sha512-Tah5TfXynM7dCqnI/YyyI93/vN0hwXQrimNNzXIKmhr11vGrVtXhzwZ4Gyx+AHb4FqJa0YQORoaKnJHRB1TnwQ=="
    },
    "node_modules/@blastjs/html-tools": {
      "version": "0.1.1",
      "resolved": "https://registry.npmjs.org/@blastjs/html-tools/-/html-tools-0.1.1.tgz",
      "integrity": "sha512-q+YWzPcOx3VMTtuoSUgYIYuVIlk0FBwIHwoKQ8HOswam/Yd5NB0TcjyRAyJvnfBg9MSKRu3Ezemha9Khf1Ukgg==",
      "dependencies": {
        "@blastjs/htmljs": "^0.1.0"
      }
    },
    "node_modules/@blastjs/htmljs": {
      "version": "0.1.0",
      "resolved": "https://registry.npmjs.org/@blastjs/htmljs/-/htmljs-0.1.0.tgz",
      "integrity": "sha512-7oqZ1GqkB9jhq5TRak7NcelnXZZbQjhxtHZZxOxUdy3Z8YRX9RPCYe61QpgXOvRov4BMqZgTUQmXDbK6WOx5/A=="
    },
    "node_modules/@blastjs/mongo-id": {
      "version": "0.1.2",
      "resolved": "https://registry.npmjs.org/@blastjs/mongo-id/-/mongo-id-0.1.2.tgz",
      "integrity": "sha512-SWtcDPHMEYeWzPIaB7W1S8YVD5Z/UP5NNpimpr6oXRCDRFn04vK+MxHUFCwVPxFsUtwtloPNi/v+qlBPWUlmNg==",
      "dependencies": {
        "@reactioncommerce/random": "^1.0.2",
        "ejson": "^2.2.1"
      }
    },
    "node_modules/@blastjs/observe-sequence": {
      "version": "0.1.0",
      "resolved": "https://registry.npmjs.org/@blastjs/observe-sequence/-/observe-sequence-0.1.0.tgz",
      "integrity": "sha512-KHslL7E3smfowqkAbPydLVIQgCyktrbUqXktmBtPHn8Mf5McQUFw+ckpZ0G6Of9o2HJErtiH2fd7+ErwlLNJ5g==",
      "dependencies": {
        "@blastjs/diff-sequence": "0.1.0",
        "@blastjs/mongo-id": "^0.1.2",
        "@blastjs/tracker": "^1.0.2",
        "@reactioncommerce/random": "^1.0.2",
        "ejson": "^2.2.1",
        "lodash.foreach": "^4.5.0",
        "lodash.isobject": "^3.0.2",
        "lodash.toarray": "^4.4.0"
      }
    },
    "node_modules/@blastjs/ordered-dict": {
      "version": "0.1.0",
      "resolved": "https://registry.npmjs.org/@blastjs/ordered-dict/-/ordered-dict-0.1.0.tgz",
      "integrity": "sha512-ca94lK2CpNPpnLqeu9VFh7MI8xSq+FmtqgzwOakhjJdw7Iii4aYV4ThiyrFL8oT6dVdVVJN5un476W7sSWYU9A=="
    },
    "node_modules/@blastjs/reactive-dict": {
      "version": "1.0.9",
      "resolved": "https://registry.npmjs.org/@blastjs/reactive-dict/-/reactive-dict-1.0.9.tgz",
      "integrity": "sha512-bFxoJ9CyxmTPTb0JzkFj/57dPdsCnEJ1Ss7YOhX47Q/Jh0pTLTwWREnISMKxxRpujR8U31JWK1UH1EiBjqVyBg==",
      "dependencies": {
        "@blastjs/mongo-id": "^0.1.2",
        "@blastjs/tracker": "^1.0.1",
        "@reactioncommerce/random": "^1.0.2",
        "ejson": "^2.2.1"
      }
    },
    "node_modules/@blastjs/reactive-var": {
      "version": "1.0.1",
      "resolved": "https://registry.npmjs.org/@blastjs/reactive-var/-/reactive-var-1.0.1.tgz",
      "integrity": "sha512-ZuTBtwy5eaz1FrCNwbXsOCAjowlA6ddLl2oa2dZ0zGSk6zzQc2LeVFoRH8UJpXgpu99cQ4LDVTt4zRV1H7ZhSA==",
      "dependencies": {
        "@blastjs/tracker": "^1.0.1"
      }
    },
    "node_modules/@blastjs/spacebars": {
      "version": "0.1.0",
      "resolved": "https://registry.npmjs.org/@blastjs/spacebars/-/spacebars-0.1.0.tgz",
      "integrity": "sha512-Jnu0a3c68jTo2WqRegfdfVQ4ZJfQva+JBrnobIBGvgBUGCaRCHB9VVCfoyxsfeujYGIeRkkpAwHLtlD8H7NVRw==",
      "dependencies": {
        "@blastjs/blast": "^2.4.3",
        "@blastjs/htmljs": "^0.1.0",
        "@blastjs/observe-sequence": "^0.1.0",
        "@blastjs/tracker": "^1.0.1"
      }
    },
    "node_modules/@blastjs/spacebars/node_modules/@blastjs/blast": {
      "version": "2.4.3",
      "resolved": "https://registry.npmjs.org/@blastjs/blast/-/blast-2.4.3.tgz",
      "integrity": "sha512-iqGb2A6+8arMT9CHDkKBsPbBkF/R5DALQ5s7we/MwSO9cdJia3qHdzlCFyBPeNnis1vnCXiZMdEVSnc0Cmxbiw==",
      "dependencies": {
        "@blastjs/blast-tools": "^0.1.0",
        "@blastjs/htmljs": "^0.1.0",
        "@blastjs/observe-sequence": "^0.1.0",
        "@blastjs/ordered-dict": "^0.1.0",
        "@blastjs/reactive-var": "^1.0.1",
        "@blastjs/tracker": "^1.0.1",
        "jquery": "^3.6.0",
        "lodash.has": "^4.5.2",
        "lodash.isempty": "^4.4.0",
        "lodash.isfunction": "^3.0.9",
        "lodash.isobject": "^3.0.2"
      }
    },
    "node_modules/@blastjs/tracker": {
      "version": "1.0.2",
      "resolved": "https://registry.npmjs.org/@blastjs/tracker/-/tracker-1.0.2.tgz",
      "integrity": "sha512-P4hD6FD/Xfk2IWFA91xLjedlnMpiSVw/BuDgz5lYvXfLzXePh6k8x0CgoETRSBdAXEUxnns0j8fsrhiIGIgzBA==",
      "dependencies": {
        "fibers": "^5.0.0",
        "setimmediate": "^1.0.5"
      }
    },
    "node_modules/@reactioncommerce/random": {
      "version": "1.0.2",
      "resolved": "https://registry.npmjs.org/@reactioncommerce/random/-/random-1.0.2.tgz",
      "integrity": "sha512-02eARZh6FQ45tEXXZUwnz90XWQasLpnV140CcuOl/L3dhEL4Emu2oCZemVhKvNb2JMmm5vOG2Y0CUb12xAx73w=="
    },
    "node_modules/detect-libc": {
      "version": "1.0.3",
      "resolved": "https://registry.npmjs.org/detect-libc/-/detect-libc-1.0.3.tgz",
      "integrity": "sha1-+hN8S9aY7fVc1c0CrFWfkaTEups=",
      "bin": {
        "detect-libc": "bin/detect-libc.js"
      },
      "engines": {
        "node": ">=0.10"
      }
    },
    "node_modules/ejson": {
      "version": "2.2.2",
      "resolved": "https://registry.npmjs.org/ejson/-/ejson-2.2.2.tgz",
      "integrity": "sha512-Wc/PZH7WMxuM6eBpAuD9+IX98q27hlBTD8nvhh7UyGy22eB9qTRG0oAzlviicADh9VVxYp+/onTyfYZC3DhI5w=="
    },
    "node_modules/fibers": {
      "version": "5.0.0",
      "resolved": "https://registry.npmjs.org/fibers/-/fibers-5.0.0.tgz",
      "integrity": "sha512-UpGv/YAZp7mhKHxDvC1tColrroGRX90sSvh8RMZV9leo+e5+EkRVgCEZPlmXeo3BUNQTZxUaVdLskq1Q2FyCPg==",
      "hasInstallScript": true,
      "dependencies": {
        "detect-libc": "^1.0.3"
      },
      "engines": {
        "node": ">=10.0.0"
      }
    },
    "node_modules/jquery": {
      "version": "3.6.0",
      "resolved": "https://registry.npmjs.org/jquery/-/jquery-3.6.0.tgz",
      "integrity": "sha512-JVzAR/AjBvVt2BmYhxRCSYysDsPcssdmTFnzyLEts9qNwmjmu4JTAMYubEfwVOSwpQ1I1sKKFcxhZCI2buerfw=="
    },
    "node_modules/lodash.foreach": {
      "version": "4.5.0",
      "resolved": "https://registry.npmjs.org/lodash.foreach/-/lodash.foreach-4.5.0.tgz",
      "integrity": "sha1-Gmo16s5AEoDH8G3d7DUWWrJ+PlM="
    },
    "node_modules/lodash.has": {
      "version": "4.5.2",
      "resolved": "https://registry.npmjs.org/lodash.has/-/lodash.has-4.5.2.tgz",
      "integrity": "sha1-0Z9NwQlQWMzL4rDN9O4P5Ko3yGI="
    },
    "node_modules/lodash.isempty": {
      "version": "4.4.0",
      "resolved": "https://registry.npmjs.org/lodash.isempty/-/lodash.isempty-4.4.0.tgz",
      "integrity": "sha1-b4bL7di+TsmHvpqvM8loTbGzHn4="
    },
    "node_modules/lodash.isfunction": {
      "version": "3.0.9",
      "resolved": "https://registry.npmjs.org/lodash.isfunction/-/lodash.isfunction-3.0.9.tgz",
      "integrity": "sha512-AirXNj15uRIMMPihnkInB4i3NHeb4iBtNg9WRWuK2o31S+ePwwNmDPaTL3o7dTJ+VXNZim7rFs4rxN4YU1oUJw=="
    },
    "node_modules/lodash.isobject": {
      "version": "3.0.2",
      "resolved": "https://registry.npmjs.org/lodash.isobject/-/lodash.isobject-3.0.2.tgz",
      "integrity": "sha1-PI+41bW/S/kK4G4U8qUwpO2TXh0="
    },
    "node_modules/lodash.toarray": {
      "version": "4.4.0",
      "resolved": "https://registry.npmjs.org/lodash.toarray/-/lodash.toarray-4.4.0.tgz",
      "integrity": "sha1-JMS/zWsvuji/0FlNsRedjptlZWE="
    },
    "node_modules/setimmediate": {
      "version": "1.0.5",
      "resolved": "https://registry.npmjs.org/setimmediate/-/setimmediate-1.0.5.tgz",
      "integrity": "sha1-KQy7Iy4waULX1+qbg3Mqt4VvgoU="
    }
  },
  "dependencies": {
    "@blastjs/blast": {
      "version": "2.4.0",
      "resolved": "https://registry.npmjs.org/@blastjs/blast/-/blast-2.4.0.tgz",
      "integrity": "sha512-5QiD1nlq0H+l+XbvUUCyJoKAj0fbeFpr0DszaHIg2a1takq85BIJg4fe7pE8W2/Pbh8J3aYoKXKAFPghq2oolA==",
      "requires": {
        "@blastjs/blast-tools": "^0.1.0",
        "@blastjs/htmljs": "^0.1.0",
        "@blastjs/observe-sequence": "^0.1.0",
        "@blastjs/ordered-dict": "^0.1.0",
        "@blastjs/reactive-var": "^1.0.1",
        "@blastjs/tracker": "^1.0.1",
        "jquery": "^3.6.0",
        "lodash.has": "^4.5.2",
        "lodash.isempty": "^4.4.0",
        "lodash.isfunction": "^3.0.9",
        "lodash.isobject": "^3.0.2"
      }
    },
    "@blastjs/blast-tools": {
      "version": "0.1.0",
      "resolved": "https://registry.npmjs.org/@blastjs/blast-tools/-/blast-tools-0.1.0.tgz",
      "integrity": "sha512-tn+ZJ4EDkfhzYT87CDwRMeyJkrdnMGD+YzribiczJl7IMUTtih6G58oRcNmVs58Oh6IFj6NYSTuFbf4GLXW54g==",
      "requires": {
        "@blastjs/html-tools": "^0.1.1",
        "@blastjs/htmljs": "^0.1.0",
        "@blastjs/mongo-id": "^0.1.2",
        "@blastjs/reactive-dict": "^1.0.9",
        "@blastjs/tracker": "^1.0.1"
      }
    },
    "@blastjs/diff-sequence": {
      "version": "0.1.0",
      "resolved": "https://registry.npmjs.org/@blastjs/diff-sequence/-/diff-sequence-0.1.0.tgz",
      "integrity": "sha512-nauMKpGyU77cvyL2ZepYMgmzSwSvkNe8GV3GCjimaYy+UezbIrjIpOPj/MU2HVRfk610umx8MEZvQnB1a0BcOg==",
      "requires": {
        "ejson": "2.2.1"
      },
      "dependencies": {
        "ejson": {
          "version": "2.2.1",
          "resolved": "https://registry.npmjs.org/ejson/-/ejson-2.2.1.tgz",
          "integrity": "sha512-Tah5TfXynM7dCqnI/YyyI93/vN0hwXQrimNNzXIKmhr11vGrVtXhzwZ4Gyx+AHb4FqJa0YQORoaKnJHRB1TnwQ=="
        }
      }
    },
    "@blastjs/html-tools": {
      "version": "0.1.1",
      "resolved": "https://registry.npmjs.org/@blastjs/html-tools/-/html-tools-0.1.1.tgz",
      "integrity": "sha512-q+YWzPcOx3VMTtuoSUgYIYuVIlk0FBwIHwoKQ8HOswam/Yd5NB0TcjyRAyJvnfBg9MSKRu3Ezemha9Khf1Ukgg==",
      "requires": {
        "@blastjs/htmljs": "^0.1.0"
      }
    },
    "@blastjs/htmljs": {
      "version": "0.1.0",
      "resolved": "https://registry.npmjs.org/@blastjs/htmljs/-/htmljs-0.1.0.tgz",
      "integrity": "sha512-7oqZ1GqkB9jhq5TRak7NcelnXZZbQjhxtHZZxOxUdy3Z8YRX9RPCYe61QpgXOvRov4BMqZgTUQmXDbK6WOx5/A=="
    },
    "@blastjs/mongo-id": {
      "version": "0.1.2",
      "resolved": "https://registry.npmjs.org/@blastjs/mongo-id/-/mongo-id-0.1.2.tgz",
      "integrity": "sha512-SWtcDPHMEYeWzPIaB7W1S8YVD5Z/UP5NNpimpr6oXRCDRFn04vK+MxHUFCwVPxFsUtwtloPNi/v+qlBPWUlmNg==",
      "requires": {
        "@reactioncommerce/random": "^1.0.2",
        "ejson": "^2.2.1"
      }
    },
    "@blastjs/observe-sequence": {
      "version": "0.1.0",
      "resolved": "https://registry.npmjs.org/@blastjs/observe-sequence/-/observe-sequence-0.1.0.tgz",
      "integrity": "sha512-KHslL7E3smfowqkAbPydLVIQgCyktrbUqXktmBtPHn8Mf5McQUFw+ckpZ0G6Of9o2HJErtiH2fd7+ErwlLNJ5g==",
      "requires": {
        "@blastjs/diff-sequence": "0.1.0",
        "@blastjs/mongo-id": "^0.1.2",
        "@blastjs/tracker": "^1.0.2",
        "@reactioncommerce/random": "^1.0.2",
        "ejson": "^2.2.1",
        "lodash.foreach": "^4.5.0",
        "lodash.isobject": "^3.0.2",
        "lodash.toarray": "^4.4.0"
      }
    },
    "@blastjs/ordered-dict": {
      "version": "0.1.0",
      "resolved": "https://registry.npmjs.org/@blastjs/ordered-dict/-/ordered-dict-0.1.0.tgz",
      "integrity": "sha512-ca94lK2CpNPpnLqeu9VFh7MI8xSq+FmtqgzwOakhjJdw7Iii4aYV4ThiyrFL8oT6dVdVVJN5un476W7sSWYU9A=="
    },
    "@blastjs/reactive-dict": {
      "version": "1.0.9",
      "resolved": "https://registry.npmjs.org/@blastjs/reactive-dict/-/reactive-dict-1.0.9.tgz",
      "integrity": "sha512-bFxoJ9CyxmTPTb0JzkFj/57dPdsCnEJ1Ss7YOhX47Q/Jh0pTLTwWREnISMKxxRpujR8U31JWK1UH1EiBjqVyBg==",
      "requires": {
        "@blastjs/mongo-id": "^0.1.2",
        "@blastjs/tracker": "^1.0.1",
        "@reactioncommerce/random": "^1.0.2",
        "ejson": "^2.2.1"
      }
    },
    "@blastjs/reactive-var": {
      "version": "1.0.1",
      "resolved": "https://registry.npmjs.org/@blastjs/reactive-var/-/reactive-var-1.0.1.tgz",
      "integrity": "sha512-ZuTBtwy5eaz1FrCNwbXsOCAjowlA6ddLl2oa2dZ0zGSk6zzQc2LeVFoRH8UJpXgpu99cQ4LDVTt4zRV1H7ZhSA==",
      "requires": {
        "@blastjs/tracker": "^1.0.1"
      }
    },
    "@blastjs/spacebars": {
      "version": "0.1.0",
      "resolved": "https://registry.npmjs.org/@blastjs/spacebars/-/spacebars-0.1.0.tgz",
      "integrity": "sha512-Jnu0a3c68jTo2WqRegfdfVQ4ZJfQva+JBrnobIBGvgBUGCaRCHB9VVCfoyxsfeujYGIeRkkpAwHLtlD8H7NVRw==",
      "requires": {
        "@blastjs/blast": "^2.4.3",
        "@blastjs/htmljs": "^0.1.0",
        "@blastjs/observe-sequence": "^0.1.0",
        "@blastjs/tracker": "^1.0.1"
      },
      "dependencies": {
        "@blastjs/blast": {
          "version": "2.4.3",
          "resolved": "https://registry.npmjs.org/@blastjs/blast/-/blast-2.4.3.tgz",
          "integrity": "sha512-iqGb2A6+8arMT9CHDkKBsPbBkF/R5DALQ5s7we/MwSO9cdJia3qHdzlCFyBPeNnis1vnCXiZMdEVSnc0Cmxbiw==",
          "requires": {
            "@blastjs/blast-tools": "^0.1.0",
            "@blastjs/htmljs": "^0.1.0",
            "@blastjs/observe-sequence": "^0.1.0",
            "@blastjs/ordered-dict": "^0.1.0",
            "@blastjs/reactive-var": "^1.0.1",
            "@blastjs/tracker": "^1.0.1",
            "jquery": "^3.6.0",
            "lodash.has": "^4.5.2",
            "lodash.isempty": "^4.4.0",
            "lodash.isfunction": "^3.0.9",
            "lodash.isobject": "^3.0.2"
          }
        }
      }
    },
    "@blastjs/tracker": {
      "version": "1.0.2",
      "resolved": "https://registry.npmjs.org/@blastjs/tracker/-/tracker-1.0.2.tgz",
      "integrity": "sha512-P4hD6FD/Xfk2IWFA91xLjedlnMpiSVw/BuDgz5lYvXfLzXePh6k8x0CgoETRSBdAXEUxnns0j8fsrhiIGIgzBA==",
      "requires": {
        "fibers": "^5.0.0",
        "setimmediate": "^1.0.5"
      }
    },
    "@reactioncommerce/random": {
      "version": "1.0.2",
      "resolved": "https://registry.npmjs.org/@reactioncommerce/random/-/random-1.0.2.tgz",
      "integrity": "sha512-02eARZh6FQ45tEXXZUwnz90XWQasLpnV140CcuOl/L3dhEL4Emu2oCZemVhKvNb2JMmm5vOG2Y0CUb12xAx73w=="
    },
    "detect-libc": {
      "version": "1.0.3",
      "resolved": "https://registry.npmjs.org/detect-libc/-/detect-libc-1.0.3.tgz",
      "integrity": "sha1-+hN8S9aY7fVc1c0CrFWfkaTEups="
    },
    "ejson": {
      "version": "2.2.2",
      "resolved": "https://registry.npmjs.org/ejson/-/ejson-2.2.2.tgz",
      "integrity": "sha512-Wc/PZH7WMxuM6eBpAuD9+IX98q27hlBTD8nvhh7UyGy22eB9qTRG0oAzlviicADh9VVxYp+/onTyfYZC3DhI5w=="
    },
    "fibers": {
      "version": "5.0.0",
      "resolved": "https://registry.npmjs.org/fibers/-/fibers-5.0.0.tgz",
      "integrity": "sha512-UpGv/YAZp7mhKHxDvC1tColrroGRX90sSvh8RMZV9leo+e5+EkRVgCEZPlmXeo3BUNQTZxUaVdLskq1Q2FyCPg==",
      "requires": {
        "detect-libc": "^1.0.3"
      }
    },
    "jquery": {
      "version": "3.6.0",
      "resolved": "https://registry.npmjs.org/jquery/-/jquery-3.6.0.tgz",
      "integrity": "sha512-JVzAR/AjBvVt2BmYhxRCSYysDsPcssdmTFnzyLEts9qNwmjmu4JTAMYubEfwVOSwpQ1I1sKKFcxhZCI2buerfw=="
    },
    "lodash.foreach": {
      "version": "4.5.0",
      "resolved": "https://registry.npmjs.org/lodash.foreach/-/lodash.foreach-4.5.0.tgz",
      "integrity": "sha1-Gmo16s5AEoDH8G3d7DUWWrJ+PlM="
    },
    "lodash.has": {
      "version": "4.5.2",
      "resolved": "https://registry.npmjs.org/lodash.has/-/lodash.has-4.5.2.tgz",
      "integrity": "sha1-0Z9NwQlQWMzL4rDN9O4P5Ko3yGI="
    },
    "lodash.isempty": {
      "version": "4.4.0",
      "resolved": "https://registry.npmjs.org/lodash.isempty/-/lodash.isempty-4.4.0.tgz",
      "integrity": "sha1-b4bL7di+TsmHvpqvM8loTbGzHn4="
    },
    "lodash.isfunction": {
      "version": "3.0.9",
      "resolved": "https://registry.npmjs.org/lodash.isfunction/-/lodash.isfunction-3.0.9.tgz",
      "integrity": "sha512-AirXNj15uRIMMPihnkInB4i3NHeb4iBtNg9WRWuK2o31S+ePwwNmDPaTL3o7dTJ+VXNZim7rFs4rxN4YU1oUJw=="
    },
    "lodash.isobject": {
      "version": "3.0.2",
      "resolved": "https://registry.npmjs.org/lodash.isobject/-/lodash.isobject-3.0.2.tgz",
      "integrity": "sha1-PI+41bW/S/kK4G4U8qUwpO2TXh0="
    },
    "lodash.toarray": {
      "version": "4.4.0",
      "resolved": "https://registry.npmjs.org/lodash.toarray/-/lodash.toarray-4.4.0.tgz",
      "integrity": "sha1-JMS/zWsvuji/0FlNsRedjptlZWE="
    },
    "setimmediate": {
      "version": "1.0.5",
      "resolved": "https://registry.npmjs.org/setimmediate/-/setimmediate-1.0.5.tgz",
      "integrity": "sha1-KQy7Iy4waULX1+qbg3Mqt4VvgoU="
    }
  }
}
