{
  "lockfileVersion": 1,
  "dependencies": {
    "@blastjs/blast-tools": {
      "version": "0.1.2",
      "resolved": "https://registry.npmjs.org/@blastjs/blast-tools/-/blast-tools-0.1.2.tgz",
      "integrity": "sha512-8fGwcSgRp7HPQfTiSwnFlJVnRF9i0qe9NCOrYD5KLPRTtdpBRztg/L01sxurBJJ7z53M7U0ybF4oqBvSk1p2tQ=="
    },
    "@blastjs/caching-compiler": {
      "version": "0.1.3",
      "resolved": "https://registry.npmjs.org/@blastjs/caching-compiler/-/caching-compiler-0.1.3.tgz",
      "integrity": "sha512-vQDMwWYoYum54/VH8dY++fy7S0TfY6myrE1vZ7OKGYbw3EIHXYHoq3k0/Bjnuoc9NaXsv6OjUNlzPB0TKC/EDg=="
    },
    "@blastjs/caching-html-compiler": {
      "version": "0.1.5",
      "resolved": "https://registry.npmjs.org/@blastjs/caching-html-compiler/-/caching-html-compiler-0.1.5.tgz",
      "integrity": "sha512-EUE4GSXD+NzLDIIxptVLIkQWIcpqYrM/vSILDwjBbR3rq895MFeXiGFEkgpzcVfB1YhGaI9Ef++NySG9DMXHCw=="
    },
    "@blastjs/html-tools": {
      "version": "0.1.2",
      "resolved": "https://registry.npmjs.org/@blastjs/html-tools/-/html-tools-0.1.2.tgz",
      "integrity": "sha512-F+modnE/JzHNA6RgKOTOrIx4x2yWlqZpJHq1or25DXf8IOsogTYBQVwciCK65X5jtzblE0FaovORj0hu6t0v2w=="
    },
    "@blastjs/htmljs": {
      "version": "0.1.2",
      "resolved": "https://registry.npmjs.org/@blastjs/htmljs/-/htmljs-0.1.2.tgz",
      "integrity": "sha512-2cLaw8uRvvQzV0SlttlgSUmNj5bQCqwJNZOIXw6WBXs+wTmTCBBLyBKRBssIFiH6E7qj3WMx9K44a6vUGn+1vw=="
    },
    "@blastjs/mongo-id": {
      "version": "0.1.3",
      "resolved": "https://registry.npmjs.org/@blastjs/mongo-id/-/mongo-id-0.1.3.tgz",
      "integrity": "sha512-LEEuMVBXWv5JXeZqn6p8DGbfFBjhMUUh4+yYjeO8yuha5inNp2YbByANeR7OrmlJc6wIebOdwPyg2qW6LYwLbg=="
    },
    "@blastjs/reactive-dict": {
      "version": "1.0.12",
      "resolved": "https://registry.npmjs.org/@blastjs/reactive-dict/-/reactive-dict-1.0.12.tgz",
      "integrity": "sha512-dHKtwcR14LCW9BzGaqckJKo7xsvmpuS7xJLrel6MRH8gSfV8JsIllp+ayW0bYyX9g9KdHCHf92VfxTbeWojH6g=="
    },
    "@blastjs/spacebars-compiler": {
      "version": "1.2.2",
      "resolved": "https://registry.npmjs.org/@blastjs/spacebars-compiler/-/spacebars-compiler-1.2.2.tgz",
      "integrity": "sha512-7RIus0mYRqBMdLYWOxtJfA3C0h/eUgrlIaUt/oOJVp8mTBrHdHMCDeGUSF2nd2p8mAjh5dxel6t1KCPUDf/mag=="
    },
    "@blastjs/templating-tools": {
      "version": "1.2.1",
      "resolved": "https://registry.npmjs.org/@blastjs/templating-tools/-/templating-tools-1.2.1.tgz",
      "integrity": "sha512-T7QoCG5OqAMeQBSJOkwEb7N+lO+QzKHcNNXBjDNUJ6Ln3qJIIiUlbl/pqBFz3GHWQYaxwom5z98zyDDLFr2j7A=="
    },
    "@blastjs/tracker": {
      "version": "1.0.5",
      "resolved": "https://registry.npmjs.org/@blastjs/tracker/-/tracker-1.0.5.tgz",
      "integrity": "sha512-hfk36k7Z3fIUlyV6hZE/cwMX9CeAoG/d4r9dZg5kfAeHoHevVowaj/eSARA4EsWyYcX0IU6yGiJzpG2LEY89eg=="
    },
    "@reactioncommerce/random": {
      "version": "1.0.2",
      "resolved": "https://registry.npmjs.org/@reactioncommerce/random/-/random-1.0.2.tgz",
      "integrity": "sha512-02eARZh6FQ45tEXXZUwnz90XWQasLpnV140CcuOl/L3dhEL4Emu2oCZemVhKvNb2JMmm5vOG2Y0CUb12xAx73w=="
    },
    "align-text": {
      "version": "0.1.4",
      "resolved": "https://registry.npmjs.org/align-text/-/align-text-0.1.4.tgz",
      "integrity": "sha1-DNkKVhCT810KmSVsIrcGlDP60Rc="
    },
    "async": {
      "version": "0.2.10",
      "resolved": "https://registry.npmjs.org/async/-/async-0.2.10.tgz",
      "integrity": "sha1-trvgsGdLnXGXCMo43owjfLUmw9E="
    },
    "camelcase": {
      "version": "1.2.1",
      "resolved": "https://registry.npmjs.org/camelcase/-/camelcase-1.2.1.tgz",
      "integrity": "sha1-m7UwTS4LVmmLLHWLCKPqqdqlijk="
    },
    "center-align": {
      "version": "0.1.3",
      "resolved": "https://registry.npmjs.org/center-align/-/center-align-0.1.3.tgz",
      "integrity": "sha1-qg0yYptu6XIgBBHL1EYckHvCt60="
    },
    "cliui": {
      "version": "2.1.0",
      "resolved": "https://registry.npmjs.org/cliui/-/cliui-2.1.0.tgz",
      "integrity": "sha1-S0dXYP+AJkx2LDoXGQMukcf+oNE="
    },
    "decamelize": {
      "version": "1.2.0",
      "resolved": "https://registry.npmjs.org/decamelize/-/decamelize-1.2.0.tgz",
      "integrity": "sha1-9lNNFRSCabIDUue+4m9QH5oZEpA="
    },
    "ejson": {
      "version": "2.2.2",
      "resolved": "https://registry.npmjs.org/ejson/-/ejson-2.2.2.tgz",
      "integrity": "sha512-Wc/PZH7WMxuM6eBpAuD9+IX98q27hlBTD8nvhh7UyGy22eB9qTRG0oAzlviicADh9VVxYp+/onTyfYZC3DhI5w=="
    },
    "is-buffer": {
      "version": "1.1.6",
      "resolved": "https://registry.npmjs.org/is-buffer/-/is-buffer-1.1.6.tgz",
      "integrity": "sha512-NcdALwpXkTm5Zvvbk7owOUSvVvBKDgKP5/ewfXEznmQFfs4ZRmanOeKBTjRVjka3QFoN6XJ+9F3USqfHqTaU5w=="
    },
    "kind-of": {
      "version": "3.2.2",
      "resolved": "https://registry.npmjs.org/kind-of/-/kind-of-3.2.2.tgz",
      "integrity": "sha1-MeohpzS6ubuw8yRm2JOupR5KPGQ="
    },
    "lazy-cache": {
      "version": "1.0.4",
      "resolved": "https://registry.npmjs.org/lazy-cache/-/lazy-cache-1.0.4.tgz",
      "integrity": "sha1-odePw6UEdMuAhF07O24dpJpEbo4="
    },
    "lodash.isempty": {
      "version": "4.4.0",
      "resolved": "https://registry.npmjs.org/lodash.isempty/-/lodash.isempty-4.4.0.tgz",
      "integrity": "sha1-b4bL7di+TsmHvpqvM8loTbGzHn4="
    },
    "longest": {
      "version": "1.0.1",
      "resolved": "https://registry.npmjs.org/longest/-/longest-1.0.1.tgz",
      "integrity": "sha1-MKCy2jj3N3DoKUoNIuZiXtd9AJc="
    },
    "lru-native2": {
      "version": "1.2.5",
      "resolved": "https://registry.npmjs.org/lru-native2/-/lru-native2-1.2.5.tgz",
      "integrity": "sha512-FJxOOmZc4u4eoBwqnyegwEk4BXIrF+dHnUGBfTk9VmYRHmgeSQER0n9sL567uzsqe8JAuhqOl5echPGQlXy4vA=="
    },
    "nan": {
      "version": "2.15.0",
      "resolved": "https://registry.npmjs.org/nan/-/nan-2.15.0.tgz",
      "integrity": "sha512-8ZtvEnA2c5aYCZYd1cvgdnU6cqwixRoYg70xPLWUws5ORTa/lnw+u4amixRS/Ac5U5mQVgp9pnlSUnbNWFaWZQ=="
    },
    "repeat-string": {
      "version": "1.6.1",
      "resolved": "https://registry.npmjs.org/repeat-string/-/repeat-string-1.6.1.tgz",
      "integrity": "sha1-jcrkcOHIirwtYA//Sndihtp15jc="
    },
    "right-align": {
      "version": "0.1.3",
      "resolved": "https://registry.npmjs.org/right-align/-/right-align-0.1.3.tgz",
      "integrity": "sha1-YTObci/mo1FWiSENJOFMlhSGE+8="
    },
    "setasap": {
      "version": "2.0.1",
      "resolved": "https://registry.npmjs.org/setasap/-/setasap-2.0.1.tgz",
      "integrity": "sha512-DsoqaT3/BB0FTXi8DGMoJse2SGYkUTkOQaCjBx/DJSodGN2EE/rHU9CyJ7H1mYGMyzJvwUlgJQTI4twRg5QY3g=="
    },
    "source-map": {
      "version": "0.5.7",
      "resolved": "https://registry.npmjs.org/source-map/-/source-map-0.5.7.tgz",
      "integrity": "sha1-igOdLRAh0i0eoUyA2OpGi6LvP8w="
    },
    "uglify-js": {
      "version": "2.7.5",
      "resolved": "https://registry.npmjs.org/uglify-js/-/uglify-js-2.7.5.tgz",
      "integrity": "sha1-RhLAx7qu4rp8SH3kkErhIgefLKg="
    },
    "uglify-to-browserify": {
      "version": "1.0.2",
      "resolved": "https://registry.npmjs.org/uglify-to-browserify/-/uglify-to-browserify-1.0.2.tgz",
      "integrity": "sha1-bgkk1r2mta/jSeOabWMoUKD4grc="
    },
    "window-size": {
      "version": "0.1.0",
      "resolved": "https://registry.npmjs.org/window-size/-/window-size-0.1.0.tgz",
      "integrity": "sha1-VDjNLqk7IC76Ohn+iIeu58lPnJ0="
    },
    "wordwrap": {
      "version": "0.0.2",
      "resolved": "https://registry.npmjs.org/wordwrap/-/wordwrap-0.0.2.tgz",
      "integrity": "sha1-t5Zpu0LstAn4PVg8rVLKF+qhZD8="
    },
    "yargs": {
      "version": "3.10.0",
      "resolved": "https://registry.npmjs.org/yargs/-/yargs-3.10.0.tgz",
      "integrity": "sha1-9+572FfdfB0tOMDnTvvWgdFDH9E="
    }
  }
}
