{
  "name": "blaze-loader",
  "version": "1.0.2",
  "lockfileVersion": 1,
  "requires": true,
  "dependencies": {
    "crypto": {
      "version": "0.0.3",
      "resolved": "https://registry.npmjs.org/crypto/-/crypto-0.0.3.tgz",
      "integrity": "sha1-RwqBuGvkxe4XrMggeh9TFa4g27A="
    },
    "meteor-blaze-common": {
      "version": "1.0.3",
      "resolved": "https://registry.npmjs.org/meteor-blaze-common/-/meteor-blaze-common-1.0.3.tgz",
      "integrity": "sha512-nrGk3eNsG4v0i7o8tNtLH/+5Ft92OOEW3qFTAX8mvAMQuDPgVv3Tp36B6NP8sCYqgiItqDYr3NfWDR6QsLmrLw=="
    },
    "meteor-blaze-compiler": {
      "version": "1.0.5",
      "resolved": "https://registry.npmjs.org/meteor-blaze-compiler/-/meteor-blaze-compiler-1.0.5.tgz",
      "integrity": "sha512-lnUlAtrxxSJZd0baQ6vJ9Kc37oDYKkQsHX3kyJnm+2fDwlZLkWAKUhYt/r+DAYxBXM/wD2HL+sDLzJMJ5JyrWA==",
      "requires": {
        "meteor-blaze-common": "1.0.3",
        "meteor-ejson": "0.6.3",
        "meteor-random": "0.0.3",
        "underscore": "1.9.1"
      }
    },
    "meteor-ejson": {
      "version": "0.6.3",
      "resolved": "https://registry.npmjs.org/meteor-ejson/-/meteor-ejson-0.6.3.tgz",
      "integrity": "sha1-ZvLkT56M2ku2WC7W5MwPrOz9+QA=",
      "requires": {
        "underscore": "1.4.4"
      },
      "dependencies": {
        "underscore": {
          "version": "1.4.4",
          "resolved": "http://registry.npmjs.org/underscore/-/underscore-1.4.4.tgz",
          "integrity": "sha1-YaajIBBiKvoHljvzJSA88SI51gQ="
        }
      }
    },
    "meteor-random": {
      "version": "0.0.3",
      "resolved": "https://registry.npmjs.org/meteor-random/-/meteor-random-0.0.3.tgz",
      "integrity": "sha1-DRSJ7Nuby1i7Ut7Ov7zt31RHOmg=",
      "requires": {
        "crypto": "0.0.3"
      }
    },
    "underscore": {
      "version": "1.9.1",
      "resolved": "https://registry.npmjs.org/underscore/-/underscore-1.9.1.tgz",
      "integrity": "sha512-5/4etnCkd9c8gwgowi5/om/mYO5ajCaOgdzj/oW+0eQV9WxKBDZw5+ycmKmeaTXjInS/W0BzpGLo2xR2aBwZdg=="
    }
  }
}
