{
  "name": "standalone-mongo-id",
  "version": "0.1.0",
  "lockfileVersion": 1,
  "requires": true,
  "dependencies": {
    "@reactioncommerce/random": {
      "version": "1.0.2",
      "resolved": "https://registry.npmjs.org/@reactioncommerce/random/-/random-1.0.2.tgz",
      "integrity": "sha512-02eARZh6FQ45tEXXZUwnz90XWQasLpnV140CcuOl/L3dhEL4Emu2oCZemVhKvNb2JMmm5vOG2Y0CUb12xAx73w=="
    },
    "ejson": {
      "version": "2.2.1",
      "resolved": "https://registry.npmjs.org/ejson/-/ejson-2.2.1.tgz",
      "integrity": "sha512-Tah5TfXynM7dCqnI/YyyI93/vN0hwXQrimNNzXIKmhr11vGrVtXhzwZ4Gyx+AHb4FqJa0YQORoaKnJHRB1TnwQ=="
    }
  }
}
